
Microsoft Visual Studio Solution File, Format Version 12.00
# Visual Studio Version 17
VisualStudioVersion = 17.9.34902.65
MinimumVisualStudioVersion = 10.0.40219.1
Project("{FAE04EC0-301F-11D3-BF4B-00C04F79EFBC}") = "AraçKiralama", "AraçKiralama\AraçKiralama.csproj", "{456074AA-5118-47F7-845C-898AB16C4DFA}"
EndProject
Global
	GlobalSection(SolutionConfigurationPlatforms) = preSolution
		Debug|Any CPU = Debug|Any CPU
		Release|Any CPU = Release|Any CPU
	EndGlobalSection
	GlobalSection(ProjectConfigurationPlatforms) = postSolution
		{456074AA-5118-47F7-845C-898AB16C4DFA}.Debug|Any CPU.ActiveCfg = Debug|Any CPU
		{456074AA-5118-47F7-845C-898AB16C4DFA}.Debug|Any CPU.Build.0 = Debug|Any CPU
		{456074AA-5118-47F7-845C-898AB16C4DFA}.Release|Any CPU.ActiveCfg = Release|Any CPU
		{456074AA-5118-47F7-845C-898AB16C4DFA}.Release|Any CPU.Build.0 = Release|Any CPU
	EndGlobalSection
	GlobalSection(SolutionProperties) = preSolution
		HideSolutionNode = FALSE
	EndGlobalSection
	GlobalSection(ExtensibilityGlobals) = postSolution
		SolutionGuid = {D84F8A58-C408-4A6A-9FD8-CC14A88758E9}
	EndGlobalSection
EndGlobal
